
Microsoft Visual Studio Solution File, Format Version 12.00
# Visual Studio Version 17
VisualStudioVersion = 17.2.32210.308
MinimumVisualStudioVersion = 10.0.40219.1
Project("{2150E333-8FDC-42A3-9474-1A3956D46DE8}") = "Solution Items", "Solution Items", "{6445B2A3-9E05-4ABF-AE2E-C875773B277A}"
	ProjectSection(SolutionItems) = preProject
		.editorconfig = .editorconfig
		.gitignore = .gitignore
		CsvHelper.sln.licenseheader = CsvHelper.sln.licenseheader
		README.markdown = README.markdown
	EndProjectSection
EndProject
Project("{9A19103F-16F7-4668-BE54-9A1E7A4F7556}") = "CsvHelper", "src\CsvHelper\CsvHelper.csproj", "{ECF9E2A8-3592-4DA4-9FAB-BFA56AD44B9C}"
EndProject
Project("{9A19103F-16F7-4668-BE54-9A1E7A4F7556}") = "CsvHelper.Tests", "tests\CsvHelper.Tests\CsvHelper.Tests.csproj", "{6859ECD8-81AE-4E74-A926-5726AAD7EE81}"
EndProject
Project("{9A19103F-16F7-4668-BE54-9A1E7A4F7556}") = "CsvHelper.Performance", "performance\CsvHelper.Performance\CsvHelper.Performance.csproj", "{F1C225F2-92FC-41BB-94BF-733454DD2A9D}"
EndProject
Project("{9A19103F-16F7-4668-BE54-9A1E7A4F7556}") = "TelaniCSVHelper", "TelaniCSVHelper\TelaniCSVHelper.csproj", "{8C33E5DF-2F2E-4FE3-91DD-C6683B310221}"
EndProject
Global
	GlobalSection(SolutionConfigurationPlatforms) = preSolution
		Debug|Any CPU = Debug|Any CPU
		Release|Any CPU = Release|Any CPU
	EndGlobalSection
	GlobalSection(ProjectConfigurationPlatforms) = postSolution
		{ECF9E2A8-3592-4DA4-9FAB-BFA56AD44B9C}.Debug|Any CPU.ActiveCfg = Debug|Any CPU
		{ECF9E2A8-3592-4DA4-9FAB-BFA56AD44B9C}.Debug|Any CPU.Build.0 = Debug|Any CPU
		{ECF9E2A8-3592-4DA4-9FAB-BFA56AD44B9C}.Release|Any CPU.ActiveCfg = Release|Any CPU
		{ECF9E2A8-3592-4DA4-9FAB-BFA56AD44B9C}.Release|Any CPU.Build.0 = Release|Any CPU
		{6859ECD8-81AE-4E74-A926-5726AAD7EE81}.Debug|Any CPU.ActiveCfg = Debug|Any CPU
		{6859ECD8-81AE-4E74-A926-5726AAD7EE81}.Debug|Any CPU.Build.0 = Debug|Any CPU
		{6859ECD8-81AE-4E74-A926-5726AAD7EE81}.Release|Any CPU.ActiveCfg = Release|Any CPU
		{6859ECD8-81AE-4E74-A926-5726AAD7EE81}.Release|Any CPU.Build.0 = Release|Any CPU
		{F1C225F2-92FC-41BB-94BF-733454DD2A9D}.Debug|Any CPU.ActiveCfg = Debug|Any CPU
		{F1C225F2-92FC-41BB-94BF-733454DD2A9D}.Debug|Any CPU.Build.0 = Debug|Any CPU
		{F1C225F2-92FC-41BB-94BF-733454DD2A9D}.Release|Any CPU.ActiveCfg = Release|Any CPU
		{F1C225F2-92FC-41BB-94BF-733454DD2A9D}.Release|Any CPU.Build.0 = Release|Any CPU
		{8C33E5DF-2F2E-4FE3-91DD-C6683B310221}.Debug|Any CPU.ActiveCfg = Debug|Any CPU
		{8C33E5DF-2F2E-4FE3-91DD-C6683B310221}.Debug|Any CPU.Build.0 = Debug|Any CPU
		{8C33E5DF-2F2E-4FE3-91DD-C6683B310221}.Release|Any CPU.ActiveCfg = Release|Any CPU
		{8C33E5DF-2F2E-4FE3-91DD-C6683B310221}.Release|Any CPU.Build.0 = Release|Any CPU
	EndGlobalSection
	GlobalSection(SolutionProperties) = preSolution
		HideSolutionNode = FALSE
	EndGlobalSection
	GlobalSection(ExtensibilityGlobals) = postSolution
		SolutionGuid = {7F48D3EE-214D-45F4-AC6A-3E95C3A25E9F}
	EndGlobalSection
	GlobalSection(Performance) = preSolution
		HasPerformanceSessions = true
	EndGlobalSection
	GlobalSection(Performance) = preSolution
		HasPerformanceSessions = true
	EndGlobalSection
	GlobalSection(Performance) = preSolution
		HasPerformanceSessions = true
	EndGlobalSection
EndGlobal
